
Microsoft Visual Studio Solution File, Format Version 12.00
# Visual Studio Version 17
VisualStudioVersion = 17.14.36518.9 d17.14
MinimumVisualStudioVersion = 10.0.40219.1
Project("{FAE04EC0-301F-11D3-BF4B-00C04F79EFBC}") = "PBL5", "PBL5.csproj", "{D93C7C58-BE22-47B9-ADA9-FC039C23CF54}"
EndProject
Global
	GlobalSection(SolutionConfigurationPlatforms) = preSolution
		Debug|Any CPU = Debug|Any CPU
		Release|Any CPU = Release|Any CPU
	EndGlobalSection
	GlobalSection(ProjectConfigurationPlatforms) = postSolution
		{D93C7C58-BE22-47B9-ADA9-FC039C23CF54}.Debug|Any CPU.ActiveCfg = Debug|Any CPU
		{D93C7C58-BE22-47B9-ADA9-FC039C23CF54}.Debug|Any CPU.Build.0 = Debug|Any CPU
		{D93C7C58-BE22-47B9-ADA9-FC039C23CF54}.Debug|Any CPU.Deploy.0 = Debug|Any CPU
		{D93C7C58-BE22-47B9-ADA9-FC039C23CF54}.Release|Any CPU.ActiveCfg = Release|Any CPU
		{D93C7C58-BE22-47B9-ADA9-FC039C23CF54}.Release|Any CPU.Build.0 = Release|Any CPU
	EndGlobalSection
	GlobalSection(SolutionProperties) = preSolution
		HideSolutionNode = FALSE
	EndGlobalSection
	GlobalSection(ExtensibilityGlobals) = postSolution
		SolutionGuid = {8492F6D2-1976-4C5C-9C80-34B34CF6B1E3}
	EndGlobalSection
EndGlobal
